
Microsoft Visual Studio Solution File, Format Version 12.00
# Visual Studio 15
VisualStudioVersion = 15.0.28307.168
MinimumVisualStudioVersion = 10.0.40219.1
Project("{FAE04EC0-301F-11D3-BF4B-00C04F79EFBC}") = "Polimorfizam1-GrafickiOblici", "Polimorfizam1-GrafickiOblici\Polimorfizam1-GrafickiOblici.csproj", "{D2417193-2894-4C3F-AB63-91FE501E1E38}"
EndProject
Global
	GlobalSection(SolutionConfigurationPlatforms) = preSolution
		Debug|Any CPU = Debug|Any CPU
		Release|Any CPU = Release|Any CPU
	EndGlobalSection
	GlobalSection(ProjectConfigurationPlatforms) = postSolution
		{D2417193-2894-4C3F-AB63-91FE501E1E38}.Debug|Any CPU.ActiveCfg = Debug|Any CPU
		{D2417193-2894-4C3F-AB63-91FE501E1E38}.Debug|Any CPU.Build.0 = Debug|Any CPU
		{D2417193-2894-4C3F-AB63-91FE501E1E38}.Release|Any CPU.ActiveCfg = Release|Any CPU
		{D2417193-2894-4C3F-AB63-91FE501E1E38}.Release|Any CPU.Build.0 = Release|Any CPU
	EndGlobalSection
	GlobalSection(SolutionProperties) = preSolution
		HideSolutionNode = FALSE
	EndGlobalSection
	GlobalSection(ExtensibilityGlobals) = postSolution
		SolutionGuid = {D4DED0D2-5C0C-4EF7-825B-CE2DAD169DC0}
	EndGlobalSection
EndGlobal
